# This file is automatically @generated by Wally.
# It is not intended for manual editing.
registry = "test"

[[package]]
name = "centau/vide"
version = "0.4.1"
dependencies = []

[[package]]
name = "ifmnb/forgotten-grave"
version = "0.0.1"
dependencies = [["Concur", "sleitnick/concur@0.1.2"], ["Quaternion", "sleitnick/quaternion@0.2.3"], ["Videlib", "centau/vide@0.4.1"]]

[[package]]
name = "sleitnick/concur"
version = "0.1.2"
dependencies = []

[[package]]
name = "sleitnick/quaternion"
version = "0.2.3"
dependencies = []
